
Microsoft Visual Studio Solution File, Format Version 12.00
# Visual Studio Version 17
VisualStudioVersion = 17.5.2.0
MinimumVisualStudioVersion = 10.0.40219.1
Project("{2150E333-8FDC-42A3-9474-1A3956D46DE8}") = "Corso C#", "Corso C#", "{3A534CF1-20F2-5A7F-E83C-21D8FC2DBCE8}"
EndProject
Project("{FAE04EC0-301F-11D3-BF4B-00C04F79EFBC}") = "DolceGelo", "Corso C#\DolceGelo\DolceGelo.csproj", "{7E53B582-7D71-81AD-731F-2679509FA161}"
EndProject
Project("{2150E333-8FDC-42A3-9474-1A3956D46DE8}") = "Martedi 07", "Martedi 07", "{88FE43CD-3267-63E2-4BFA-4C5BAAEC8B6D}"
EndProject
Project("{2150E333-8FDC-42A3-9474-1A3956D46DE8}") = "Mattina", "Mattina", "{549A4AA6-6837-79CA-1064-C32B1A927625}"
EndProject
Project("{FAE04EC0-301F-11D3-BF4B-00C04F79EFBC}") = "Libro", "Corso C#\Martedi 07\Mattina\Libro\Libro.csproj", "{2B0767BD-A90E-408F-BA42-F591BB2E1317}"
EndProject
Project("{2150E333-8FDC-42A3-9474-1A3956D46DE8}") = "Libro", "Libro", "{4D4B0A83-78E5-96B7-B594-3DF0DDC8DEAE}"
EndProject
Project("{FAE04EC0-301F-11D3-BF4B-00C04F79EFBC}") = "Macchina", "Corso C#\Martedi 07\Mattina\Libro\Macchina\Macchina.csproj", "{0B9D646D-D148-432B-A2E6-A6396CB2B36A}"
EndProject
Project("{2150E333-8FDC-42A3-9474-1A3956D46DE8}") = "Videoteca", "Videoteca", "{799CB4C2-29B4-2D65-F89B-9A29C6E108FE}"
EndProject
Project("{FAE04EC0-301F-11D3-BF4B-00C04F79EFBC}") = "VideoTeca", "Corso C#\Martedi 07\Mattina\Libro\Videoteca\VideoTeca\VideoTeca.csproj", "{21F3D286-C585-4CF8-ADCE-C3484975E81E}"
EndProject
Project("{2150E333-8FDC-42A3-9474-1A3956D46DE8}") = "Pomeriggio", "Pomeriggio", "{4BA9B954-2020-2238-FE6A-78F34340486D}"
EndProject
Project("{2150E333-8FDC-42A3-9474-1A3956D46DE8}") = "Esercizio Garage", "Esercizio Garage", "{EF4C8768-4A37-91CD-1212-D4CED27AD66D}"
EndProject
Project("{FAE04EC0-301F-11D3-BF4B-00C04F79EFBC}") = "Garage", "Corso C#\Martedi 07\Pomeriggio\Esercizio Garage\Garage\Garage.csproj", "{7274F81E-C2B2-4401-A267-679236E72622}"
EndProject
Project("{2150E333-8FDC-42A3-9474-1A3956D46DE8}") = "Esercizio Avanzato Corso", "Esercizio Avanzato Corso", "{4A9E8174-5B43-FC29-D9FD-31E429133F43}"
EndProject
Project("{FAE04EC0-301F-11D3-BF4B-00C04F79EFBC}") = "Corso", "Corso C#\Martedi 07\Pomeriggio\Esercizio Avanzato Corso\Corso\Corso.csproj", "{D75AB304-93B0-4CB6-81E9-443D2FF375BD}"
EndProject
Project("{2150E333-8FDC-42A3-9474-1A3956D46DE8}") = "Mercoledi 08", "Mercoledi 08", "{5DCB3B51-4F32-1F31-02FF-D97540139936}"
EndProject
Project("{2150E333-8FDC-42A3-9474-1A3956D46DE8}") = "Mattina", "Mattina", "{9A6CF958-AE9F-0F01-DC02-7AB1B30F3361}"
EndProject
Project("{FAE04EC0-301F-11D3-BF4B-00C04F79EFBC}") = "VoloAereo", "Corso C#\Mercoledi 08\Mattina\VoloAereo\VoloAereo.csproj", "{DAE8C28A-AB85-4F43-B088-3AD308175C32}"
EndProject
Project("{2150E333-8FDC-42A3-9474-1A3956D46DE8}") = "PrenotazioneViaggio", "PrenotazioneViaggio", "{A1DBBB3C-DCB6-4140-9A0B-A3BA985205FB}"
EndProject
Project("{FAE04EC0-301F-11D3-BF4B-00C04F79EFBC}") = "PrenotazioneViaggio", "Corso C#\Mercoledi 08\Mattina\PrenotazioneViaggio\PrenotazioneViaggio\PrenotazioneViaggio.csproj", "{E61061D8-C48A-47E2-BC4D-0A6EBA1D4228}"
EndProject
Project("{2150E333-8FDC-42A3-9474-1A3956D46DE8}") = "Pomeriggio", "Pomeriggio", "{E490AC1E-5400-FE47-A89B-9F255D8276FC}"
EndProject
Project("{2150E333-8FDC-42A3-9474-1A3956D46DE8}") = "EsercizioSoldati", "EsercizioSoldati", "{ACA6918D-2412-B62A-7AE2-2164B49969DD}"
EndProject
Project("{FAE04EC0-301F-11D3-BF4B-00C04F79EFBC}") = "EsercizioSoldati", "Corso C#\Mercoledi 08\Pomeriggio\EsercizioSoldati\EsercizioSoldati\EsercizioSoldati.csproj", "{5C49DAA5-9FCF-4CE8-A6C4-CABB2C82E34E}"
EndProject
Project("{2150E333-8FDC-42A3-9474-1A3956D46DE8}") = "Esercizio Polimorfismo", "Esercizio Polimorfismo", "{10AB3A76-DA7A-7C16-0D43-9F46358825FA}"
EndProject
Project("{FAE04EC0-301F-11D3-BF4B-00C04F79EFBC}") = "Officina", "Corso C#\Mercoledi 08\Pomeriggio\Esercizio Polimorfismo\Officina\Officina.csproj", "{B10E35C4-DCBC-4114-ADF9-3A21402B8C7B}"
EndProject
Project("{2150E333-8FDC-42A3-9474-1A3956D46DE8}") = "Giovedi 09", "Giovedi 09", "{26464095-E660-4F65-57B8-2595AB023ABE}"
EndProject
Project("{2150E333-8FDC-42A3-9474-1A3956D46DE8}") = "Mattina", "Mattina", "{DDE25E05-F84B-BFAF-918B-A7B5623FAE8A}"
EndProject
Project("{2150E333-8FDC-42A3-9474-1A3956D46DE8}") = "Esercizio Operatore", "Esercizio Operatore", "{1D27B8AD-B99E-6E68-709B-B9DBAF8E7FEF}"
EndProject
Project("{FAE04EC0-301F-11D3-BF4B-00C04F79EFBC}") = "Operatore", "Corso C#\Giovedi 09\Mattina\Esercizio Operatore\Operatore\Operatore.csproj", "{861B2AC8-4BAA-4EFE-A857-941424D89C65}"
EndProject
Project("{2150E333-8FDC-42A3-9474-1A3956D46DE8}") = "Venerdi 10", "Venerdi 10", "{1755CFF5-BF26-47AF-72AF-67119FD3E8EA}"
EndProject
Project("{2150E333-8FDC-42A3-9474-1A3956D46DE8}") = "Mattina", "Mattina", "{B900C690-17A5-08FD-76AB-C333BF109BEA}"
EndProject
Project("{FAE04EC0-301F-11D3-BF4B-00C04F79EFBC}") = "EsercizioEsame", "Corso C#\Venerdi 10\Mattina\EsercizioEsame\EsercizioEsame.csproj", "{65EF7108-8D88-4654-990E-9E66F903BF85}"
EndProject
Project("{2150E333-8FDC-42A3-9474-1A3956D46DE8}") = "Pomeriggio", "Pomeriggio", "{DC5F71F1-582E-63EF-104B-798D4B88433A}"
EndProject
Project("{2150E333-8FDC-42A3-9474-1A3956D46DE8}") = "PrimoEsercizioAstrazione", "PrimoEsercizioAstrazione", "{3B01AD3A-C241-60A8-6BCF-FD8B02EBF1E5}"
EndProject
Project("{FAE04EC0-301F-11D3-BF4B-00C04F79EFBC}") = "PrimoEsercizioAstrazione", "Corso C#\Venerdi 10\Pomeriggio\PrimoEsercizioAstrazione\PrimoEsercizioAstrazione\PrimoEsercizioAstrazione.csproj", "{B561D0EB-B746-49C2-96C0-C9DDBA1166D1}"
EndProject
Project("{FAE04EC0-301F-11D3-BF4B-00C04F79EFBC}") = "EsercizionInterfaccie1", "Corso C#\Venerdi 10\Pomeriggio\PrimoEsercizioAstrazione\EsercizionInterfaccie1\EsercizionInterfaccie1.csproj", "{0B919422-152B-4AE3-83F5-34DB70858797}"
EndProject
Project("{FAE04EC0-301F-11D3-BF4B-00C04F79EFBC}") = "GestionaleCorsi", "Corso C#\Venerdi 10\Pomeriggio\PrimoEsercizioAstrazione\GestionaleCorsi\GestionaleCorsi.csproj", "{6133747D-9013-43F6-B4F5-1615F638E0D3}"
EndProject
Project("{2150E333-8FDC-42A3-9474-1A3956D46DE8}") = "Lunedi 13", "Lunedi 13", "{5E176B3F-937B-C777-8E15-D9B4CB653952}"
EndProject
Project("{2150E333-8FDC-42A3-9474-1A3956D46DE8}") = "Pomeriggio", "Pomeriggio", "{F3CD04B2-E273-5EAC-1A2B-C6F0E16B0929}"
EndProject
Project("{FAE04EC0-301F-11D3-BF4B-00C04F79EFBC}") = "EsSingleTon", "Corso C#\Lunedi 13\Pomeriggio\EsSingleTon\EsSingleTon.csproj", "{0B76041F-4D4C-4108-A2C1-B3F13FA5372B}"
EndProject
Project("{FAE04EC0-301F-11D3-BF4B-00C04F79EFBC}") = "Logger", "Corso C#\Lunedi 13\Pomeriggio\Logger\Logger.csproj", "{35E72A17-0944-4710-9292-9A897EC9BD99}"
EndProject
Project("{FAE04EC0-301F-11D3-BF4B-00C04F79EFBC}") = "EsClient", "Corso C#\Lunedi 13\Pomeriggio\EsClient\EsClient.csproj", "{68DC0AFC-F98F-4C93-AB9B-D4D3C9629C89}"
EndProject
Project("{2150E333-8FDC-42A3-9474-1A3956D46DE8}") = "Martedi 14", "Martedi 14", "{2AF7DF47-A42D-CE2C-77CF-144AB8498FD1}"
EndProject
Project("{2150E333-8FDC-42A3-9474-1A3956D46DE8}") = "Mattina", "Mattina", "{B9C98F7C-E0A8-156B-5734-D5041FF79487}"
EndProject
Project("{FAE04EC0-301F-11D3-BF4B-00C04F79EFBC}") = "ConfigurazioneSistema", "Corso C#\Martedi 14\Mattina\ConfigurazioneSistema\ConfigurazioneSistema.csproj", "{06187163-F243-4C46-A9C6-3023701BAAC1}"
EndProject
Project("{2150E333-8FDC-42A3-9474-1A3956D46DE8}") = "EsempioFactory", "EsempioFactory", "{A524D87A-726E-DA26-B486-A7DA0B684056}"
EndProject
Project("{FAE04EC0-301F-11D3-BF4B-00C04F79EFBC}") = "EsempioFactory", "Corso C#\Martedi 14\Mattina\EsempioFactory\EsempioFactory\EsempioFactory.csproj", "{7DCA20BD-D525-476D-904F-CDABFE01D010}"
EndProject
Project("{FAE04EC0-301F-11D3-BF4B-00C04F79EFBC}") = "Veicolo", "Corso C#\Martedi 14\Mattina\Veicolo\Veicolo.csproj", "{74271A57-6856-40AE-BAD6-2BED30F612B7}"
EndProject
Project("{FAE04EC0-301F-11D3-BF4B-00C04F79EFBC}") = "EsIShape", "Corso C#\Martedi 14\Mattina\EsIShape\EsIShape.csproj", "{024B1C63-558B-4F69-8362-0EC327E2119B}"
EndProject
Project("{2150E333-8FDC-42A3-9474-1A3956D46DE8}") = "Pomeriggio", "Pomeriggio", "{0E8DBEF4-C28B-5B51-10A1-93CB1CE26D97}"
EndProject
Project("{FAE04EC0-301F-11D3-BF4B-00C04F79EFBC}") = "VeicoloFactory", "Corso C#\Martedi 14\Pomeriggio\VeicoloFactory\VeicoloFactory.csproj", "{D980EA86-EC73-4EFF-83E7-8E3F5615F1EB}"
EndProject
Project("{FAE04EC0-301F-11D3-BF4B-00C04F79EFBC}") = "ConfigurazioneSistemaDualPattern", "Corso C#\Martedi 14\Pomeriggio\ConfigurazioneSistemaDualPattern\ConfigurazioneSistemaDualPattern.csproj", "{FEAC21B5-A323-4BC7-A404-5CD707DFE3F6}"
EndProject
Project("{2150E333-8FDC-42A3-9474-1A3956D46DE8}") = "Mercoledi 15", "Mercoledi 15", "{266BD926-E257-AFA2-28F9-890C17B4266A}"
EndProject
Project("{2150E333-8FDC-42A3-9474-1A3956D46DE8}") = "Mattina", "Mattina", "{C8280459-B0DA-9807-B61A-A9BAB821A63B}"
EndProject
Project("{FAE04EC0-301F-11D3-BF4B-00C04F79EFBC}") = "EsObserver", "Corso C#\Mercoledi 15\Mattina\EsObserver\EsObserver.csproj", "{7EDEBB72-5DC1-4ECB-8734-4D95589535DA}"
EndProject
Project("{FAE04EC0-301F-11D3-BF4B-00C04F79EFBC}") = "CentroMeteo", "Corso C#\Mercoledi 15\Mattina\CentroMeteo\CentroMeteo.csproj", "{45F9972C-AB18-430A-B1FA-D789B1F86E37}"
EndProject
Project("{FAE04EC0-301F-11D3-BF4B-00C04F79EFBC}") = "NewsAgency", "Corso C#\Mercoledi 15\Mattina\NewsAgency\NewsAgency.csproj", "{9E1EE6B1-3DB3-42F4-A8D3-A22A2411A9B5}"
EndProject
Project("{2150E333-8FDC-42A3-9474-1A3956D46DE8}") = "Pomeriggio", "Pomeriggio", "{7D5F981A-DD1B-6028-14EF-6BB342ED53A1}"
EndProject
Project("{FAE04EC0-301F-11D3-BF4B-00C04F79EFBC}") = "Esercizio3Pattern", "Corso C#\Mercoledi 15\Pomeriggio\Esercizio3Pattern\Esercizio3Pattern.csproj", "{A0950114-8787-4A50-8FC7-F91BE755C167}"
EndProject
Project("{FAE04EC0-301F-11D3-BF4B-00C04F79EFBC}") = "Bevande", "Corso C#\Mercoledi 15\Pomeriggio\Bevande\Bevande.csproj", "{71E0B15F-AAF1-41DE-B967-FC590611BFDA}"
EndProject
Project("{FAE04EC0-301F-11D3-BF4B-00C04F79EFBC}") = "Torta", "Corso C#\Mercoledi 15\Pomeriggio\Torta\Torta.csproj", "{B5F73109-082D-442E-AD7E-60697425AE9A}"
EndProject
Project("{2150E333-8FDC-42A3-9474-1A3956D46DE8}") = "Giovedi 16", "Giovedi 16", "{47D2FAF0-ABC4-D79D-80CA-B4684EFFF717}"
EndProject
Project("{2150E333-8FDC-42A3-9474-1A3956D46DE8}") = "Mattina", "Mattina", "{1D10CFE1-C169-E041-2E34-83D63C8A6876}"
EndProject
Project("{FAE04EC0-301F-11D3-BF4B-00C04F79EFBC}") = "EsempioStrategy", "Corso C#\Giovedi 16\Mattina\EsempioStrategy\EsempioStrategy.csproj", "{449D7507-9996-4CF8-BD2F-4815899F4700}"
EndProject
Project("{FAE04EC0-301F-11D3-BF4B-00C04F79EFBC}") = "StrategyCalcolatrice", "Corso C#\Giovedi 16\Mattina\StrategyCalcolatrice\StrategyCalcolatrice.csproj", "{9691587B-968E-48FB-A761-F567ED4F233B}"
EndProject
Global
	GlobalSection(SolutionConfigurationPlatforms) = preSolution
		Debug|Any CPU = Debug|Any CPU
		Debug|x64 = Debug|x64
		Debug|x86 = Debug|x86
		Release|Any CPU = Release|Any CPU
		Release|x64 = Release|x64
		Release|x86 = Release|x86
	EndGlobalSection
	GlobalSection(ProjectConfigurationPlatforms) = postSolution
		{7E53B582-7D71-81AD-731F-2679509FA161}.Debug|Any CPU.ActiveCfg = Debug|Any CPU
		{7E53B582-7D71-81AD-731F-2679509FA161}.Debug|Any CPU.Build.0 = Debug|Any CPU
		{7E53B582-7D71-81AD-731F-2679509FA161}.Debug|x64.ActiveCfg = Debug|Any CPU
		{7E53B582-7D71-81AD-731F-2679509FA161}.Debug|x64.Build.0 = Debug|Any CPU
		{7E53B582-7D71-81AD-731F-2679509FA161}.Debug|x86.ActiveCfg = Debug|Any CPU
		{7E53B582-7D71-81AD-731F-2679509FA161}.Debug|x86.Build.0 = Debug|Any CPU
		{7E53B582-7D71-81AD-731F-2679509FA161}.Release|Any CPU.ActiveCfg = Release|Any CPU
		{7E53B582-7D71-81AD-731F-2679509FA161}.Release|Any CPU.Build.0 = Release|Any CPU
		{7E53B582-7D71-81AD-731F-2679509FA161}.Release|x64.ActiveCfg = Release|Any CPU
		{7E53B582-7D71-81AD-731F-2679509FA161}.Release|x64.Build.0 = Release|Any CPU
		{7E53B582-7D71-81AD-731F-2679509FA161}.Release|x86.ActiveCfg = Release|Any CPU
		{7E53B582-7D71-81AD-731F-2679509FA161}.Release|x86.Build.0 = Release|Any CPU
		{2B0767BD-A90E-408F-BA42-F591BB2E1317}.Debug|Any CPU.ActiveCfg = Debug|Any CPU
		{2B0767BD-A90E-408F-BA42-F591BB2E1317}.Debug|Any CPU.Build.0 = Debug|Any CPU
		{2B0767BD-A90E-408F-BA42-F591BB2E1317}.Debug|x64.ActiveCfg = Debug|Any CPU
		{2B0767BD-A90E-408F-BA42-F591BB2E1317}.Debug|x64.Build.0 = Debug|Any CPU
		{2B0767BD-A90E-408F-BA42-F591BB2E1317}.Debug|x86.ActiveCfg = Debug|Any CPU
		{2B0767BD-A90E-408F-BA42-F591BB2E1317}.Debug|x86.Build.0 = Debug|Any CPU
		{2B0767BD-A90E-408F-BA42-F591BB2E1317}.Release|Any CPU.ActiveCfg = Release|Any CPU
		{2B0767BD-A90E-408F-BA42-F591BB2E1317}.Release|Any CPU.Build.0 = Release|Any CPU
		{2B0767BD-A90E-408F-BA42-F591BB2E1317}.Release|x64.ActiveCfg = Release|Any CPU
		{2B0767BD-A90E-408F-BA42-F591BB2E1317}.Release|x64.Build.0 = Release|Any CPU
		{2B0767BD-A90E-408F-BA42-F591BB2E1317}.Release|x86.ActiveCfg = Release|Any CPU
		{2B0767BD-A90E-408F-BA42-F591BB2E1317}.Release|x86.Build.0 = Release|Any CPU
		{0B9D646D-D148-432B-A2E6-A6396CB2B36A}.Debug|Any CPU.ActiveCfg = Debug|Any CPU
		{0B9D646D-D148-432B-A2E6-A6396CB2B36A}.Debug|Any CPU.Build.0 = Debug|Any CPU
		{0B9D646D-D148-432B-A2E6-A6396CB2B36A}.Debug|x64.ActiveCfg = Debug|Any CPU
		{0B9D646D-D148-432B-A2E6-A6396CB2B36A}.Debug|x64.Build.0 = Debug|Any CPU
		{0B9D646D-D148-432B-A2E6-A6396CB2B36A}.Debug|x86.ActiveCfg = Debug|Any CPU
		{0B9D646D-D148-432B-A2E6-A6396CB2B36A}.Debug|x86.Build.0 = Debug|Any CPU
		{0B9D646D-D148-432B-A2E6-A6396CB2B36A}.Release|Any CPU.ActiveCfg = Release|Any CPU
		{0B9D646D-D148-432B-A2E6-A6396CB2B36A}.Release|Any CPU.Build.0 = Release|Any CPU
		{0B9D646D-D148-432B-A2E6-A6396CB2B36A}.Release|x64.ActiveCfg = Release|Any CPU
		{0B9D646D-D148-432B-A2E6-A6396CB2B36A}.Release|x64.Build.0 = Release|Any CPU
		{0B9D646D-D148-432B-A2E6-A6396CB2B36A}.Release|x86.ActiveCfg = Release|Any CPU
		{0B9D646D-D148-432B-A2E6-A6396CB2B36A}.Release|x86.Build.0 = Release|Any CPU
		{21F3D286-C585-4CF8-ADCE-C3484975E81E}.Debug|Any CPU.ActiveCfg = Debug|Any CPU
		{21F3D286-C585-4CF8-ADCE-C3484975E81E}.Debug|Any CPU.Build.0 = Debug|Any CPU
		{21F3D286-C585-4CF8-ADCE-C3484975E81E}.Debug|x64.ActiveCfg = Debug|Any CPU
		{21F3D286-C585-4CF8-ADCE-C3484975E81E}.Debug|x64.Build.0 = Debug|Any CPU
		{21F3D286-C585-4CF8-ADCE-C3484975E81E}.Debug|x86.ActiveCfg = Debug|Any CPU
		{21F3D286-C585-4CF8-ADCE-C3484975E81E}.Debug|x86.Build.0 = Debug|Any CPU
		{21F3D286-C585-4CF8-ADCE-C3484975E81E}.Release|Any CPU.ActiveCfg = Release|Any CPU
		{21F3D286-C585-4CF8-ADCE-C3484975E81E}.Release|Any CPU.Build.0 = Release|Any CPU
		{21F3D286-C585-4CF8-ADCE-C3484975E81E}.Release|x64.ActiveCfg = Release|Any CPU
		{21F3D286-C585-4CF8-ADCE-C3484975E81E}.Release|x64.Build.0 = Release|Any CPU
		{21F3D286-C585-4CF8-ADCE-C3484975E81E}.Release|x86.ActiveCfg = Release|Any CPU
		{21F3D286-C585-4CF8-ADCE-C3484975E81E}.Release|x86.Build.0 = Release|Any CPU
		{7274F81E-C2B2-4401-A267-679236E72622}.Debug|Any CPU.ActiveCfg = Debug|Any CPU
		{7274F81E-C2B2-4401-A267-679236E72622}.Debug|Any CPU.Build.0 = Debug|Any CPU
		{7274F81E-C2B2-4401-A267-679236E72622}.Debug|x64.ActiveCfg = Debug|Any CPU
		{7274F81E-C2B2-4401-A267-679236E72622}.Debug|x64.Build.0 = Debug|Any CPU
		{7274F81E-C2B2-4401-A267-679236E72622}.Debug|x86.ActiveCfg = Debug|Any CPU
		{7274F81E-C2B2-4401-A267-679236E72622}.Debug|x86.Build.0 = Debug|Any CPU
		{7274F81E-C2B2-4401-A267-679236E72622}.Release|Any CPU.ActiveCfg = Release|Any CPU
		{7274F81E-C2B2-4401-A267-679236E72622}.Release|Any CPU.Build.0 = Release|Any CPU
		{7274F81E-C2B2-4401-A267-679236E72622}.Release|x64.ActiveCfg = Release|Any CPU
		{7274F81E-C2B2-4401-A267-679236E72622}.Release|x64.Build.0 = Release|Any CPU
		{7274F81E-C2B2-4401-A267-679236E72622}.Release|x86.ActiveCfg = Release|Any CPU
		{7274F81E-C2B2-4401-A267-679236E72622}.Release|x86.Build.0 = Release|Any CPU
		{D75AB304-93B0-4CB6-81E9-443D2FF375BD}.Debug|Any CPU.ActiveCfg = Debug|Any CPU
		{D75AB304-93B0-4CB6-81E9-443D2FF375BD}.Debug|Any CPU.Build.0 = Debug|Any CPU
		{D75AB304-93B0-4CB6-81E9-443D2FF375BD}.Debug|x64.ActiveCfg = Debug|Any CPU
		{D75AB304-93B0-4CB6-81E9-443D2FF375BD}.Debug|x64.Build.0 = Debug|Any CPU
		{D75AB304-93B0-4CB6-81E9-443D2FF375BD}.Debug|x86.ActiveCfg = Debug|Any CPU
		{D75AB304-93B0-4CB6-81E9-443D2FF375BD}.Debug|x86.Build.0 = Debug|Any CPU
		{D75AB304-93B0-4CB6-81E9-443D2FF375BD}.Release|Any CPU.ActiveCfg = Release|Any CPU
		{D75AB304-93B0-4CB6-81E9-443D2FF375BD}.Release|Any CPU.Build.0 = Release|Any CPU
		{D75AB304-93B0-4CB6-81E9-443D2FF375BD}.Release|x64.ActiveCfg = Release|Any CPU
		{D75AB304-93B0-4CB6-81E9-443D2FF375BD}.Release|x64.Build.0 = Release|Any CPU
		{D75AB304-93B0-4CB6-81E9-443D2FF375BD}.Release|x86.ActiveCfg = Release|Any CPU
		{D75AB304-93B0-4CB6-81E9-443D2FF375BD}.Release|x86.Build.0 = Release|Any CPU
		{DAE8C28A-AB85-4F43-B088-3AD308175C32}.Debug|Any CPU.ActiveCfg = Debug|Any CPU
		{DAE8C28A-AB85-4F43-B088-3AD308175C32}.Debug|Any CPU.Build.0 = Debug|Any CPU
		{DAE8C28A-AB85-4F43-B088-3AD308175C32}.Debug|x64.ActiveCfg = Debug|Any CPU
		{DAE8C28A-AB85-4F43-B088-3AD308175C32}.Debug|x64.Build.0 = Debug|Any CPU
		{DAE8C28A-AB85-4F43-B088-3AD308175C32}.Debug|x86.ActiveCfg = Debug|Any CPU
		{DAE8C28A-AB85-4F43-B088-3AD308175C32}.Debug|x86.Build.0 = Debug|Any CPU
		{DAE8C28A-AB85-4F43-B088-3AD308175C32}.Release|Any CPU.ActiveCfg = Release|Any CPU
		{DAE8C28A-AB85-4F43-B088-3AD308175C32}.Release|Any CPU.Build.0 = Release|Any CPU
		{DAE8C28A-AB85-4F43-B088-3AD308175C32}.Release|x64.ActiveCfg = Release|Any CPU
		{DAE8C28A-AB85-4F43-B088-3AD308175C32}.Release|x64.Build.0 = Release|Any CPU
		{DAE8C28A-AB85-4F43-B088-3AD308175C32}.Release|x86.ActiveCfg = Release|Any CPU
		{DAE8C28A-AB85-4F43-B088-3AD308175C32}.Release|x86.Build.0 = Release|Any CPU
		{E61061D8-C48A-47E2-BC4D-0A6EBA1D4228}.Debug|Any CPU.ActiveCfg = Debug|Any CPU
		{E61061D8-C48A-47E2-BC4D-0A6EBA1D4228}.Debug|Any CPU.Build.0 = Debug|Any CPU
		{E61061D8-C48A-47E2-BC4D-0A6EBA1D4228}.Debug|x64.ActiveCfg = Debug|Any CPU
		{E61061D8-C48A-47E2-BC4D-0A6EBA1D4228}.Debug|x64.Build.0 = Debug|Any CPU
		{E61061D8-C48A-47E2-BC4D-0A6EBA1D4228}.Debug|x86.ActiveCfg = Debug|Any CPU
		{E61061D8-C48A-47E2-BC4D-0A6EBA1D4228}.Debug|x86.Build.0 = Debug|Any CPU
		{E61061D8-C48A-47E2-BC4D-0A6EBA1D4228}.Release|Any CPU.ActiveCfg = Release|Any CPU
		{E61061D8-C48A-47E2-BC4D-0A6EBA1D4228}.Release|Any CPU.Build.0 = Release|Any CPU
		{E61061D8-C48A-47E2-BC4D-0A6EBA1D4228}.Release|x64.ActiveCfg = Release|Any CPU
		{E61061D8-C48A-47E2-BC4D-0A6EBA1D4228}.Release|x64.Build.0 = Release|Any CPU
		{E61061D8-C48A-47E2-BC4D-0A6EBA1D4228}.Release|x86.ActiveCfg = Release|Any CPU
		{E61061D8-C48A-47E2-BC4D-0A6EBA1D4228}.Release|x86.Build.0 = Release|Any CPU
		{5C49DAA5-9FCF-4CE8-A6C4-CABB2C82E34E}.Debug|Any CPU.ActiveCfg = Debug|Any CPU
		{5C49DAA5-9FCF-4CE8-A6C4-CABB2C82E34E}.Debug|Any CPU.Build.0 = Debug|Any CPU
		{5C49DAA5-9FCF-4CE8-A6C4-CABB2C82E34E}.Debug|x64.ActiveCfg = Debug|Any CPU
		{5C49DAA5-9FCF-4CE8-A6C4-CABB2C82E34E}.Debug|x64.Build.0 = Debug|Any CPU
		{5C49DAA5-9FCF-4CE8-A6C4-CABB2C82E34E}.Debug|x86.ActiveCfg = Debug|Any CPU
		{5C49DAA5-9FCF-4CE8-A6C4-CABB2C82E34E}.Debug|x86.Build.0 = Debug|Any CPU
		{5C49DAA5-9FCF-4CE8-A6C4-CABB2C82E34E}.Release|Any CPU.ActiveCfg = Release|Any CPU
		{5C49DAA5-9FCF-4CE8-A6C4-CABB2C82E34E}.Release|Any CPU.Build.0 = Release|Any CPU
		{5C49DAA5-9FCF-4CE8-A6C4-CABB2C82E34E}.Release|x64.ActiveCfg = Release|Any CPU
		{5C49DAA5-9FCF-4CE8-A6C4-CABB2C82E34E}.Release|x64.Build.0 = Release|Any CPU
		{5C49DAA5-9FCF-4CE8-A6C4-CABB2C82E34E}.Release|x86.ActiveCfg = Release|Any CPU
		{5C49DAA5-9FCF-4CE8-A6C4-CABB2C82E34E}.Release|x86.Build.0 = Release|Any CPU
		{B10E35C4-DCBC-4114-ADF9-3A21402B8C7B}.Debug|Any CPU.ActiveCfg = Debug|Any CPU
		{B10E35C4-DCBC-4114-ADF9-3A21402B8C7B}.Debug|Any CPU.Build.0 = Debug|Any CPU
		{B10E35C4-DCBC-4114-ADF9-3A21402B8C7B}.Debug|x64.ActiveCfg = Debug|Any CPU
		{B10E35C4-DCBC-4114-ADF9-3A21402B8C7B}.Debug|x64.Build.0 = Debug|Any CPU
		{B10E35C4-DCBC-4114-ADF9-3A21402B8C7B}.Debug|x86.ActiveCfg = Debug|Any CPU
		{B10E35C4-DCBC-4114-ADF9-3A21402B8C7B}.Debug|x86.Build.0 = Debug|Any CPU
		{B10E35C4-DCBC-4114-ADF9-3A21402B8C7B}.Release|Any CPU.ActiveCfg = Release|Any CPU
		{B10E35C4-DCBC-4114-ADF9-3A21402B8C7B}.Release|Any CPU.Build.0 = Release|Any CPU
		{B10E35C4-DCBC-4114-ADF9-3A21402B8C7B}.Release|x64.ActiveCfg = Release|Any CPU
		{B10E35C4-DCBC-4114-ADF9-3A21402B8C7B}.Release|x64.Build.0 = Release|Any CPU
		{B10E35C4-DCBC-4114-ADF9-3A21402B8C7B}.Release|x86.ActiveCfg = Release|Any CPU
		{B10E35C4-DCBC-4114-ADF9-3A21402B8C7B}.Release|x86.Build.0 = Release|Any CPU
		{861B2AC8-4BAA-4EFE-A857-941424D89C65}.Debug|Any CPU.ActiveCfg = Debug|Any CPU
		{861B2AC8-4BAA-4EFE-A857-941424D89C65}.Debug|Any CPU.Build.0 = Debug|Any CPU
		{861B2AC8-4BAA-4EFE-A857-941424D89C65}.Debug|x64.ActiveCfg = Debug|Any CPU
		{861B2AC8-4BAA-4EFE-A857-941424D89C65}.Debug|x64.Build.0 = Debug|Any CPU
		{861B2AC8-4BAA-4EFE-A857-941424D89C65}.Debug|x86.ActiveCfg = Debug|Any CPU
		{861B2AC8-4BAA-4EFE-A857-941424D89C65}.Debug|x86.Build.0 = Debug|Any CPU
		{861B2AC8-4BAA-4EFE-A857-941424D89C65}.Release|Any CPU.ActiveCfg = Release|Any CPU
		{861B2AC8-4BAA-4EFE-A857-941424D89C65}.Release|Any CPU.Build.0 = Release|Any CPU
		{861B2AC8-4BAA-4EFE-A857-941424D89C65}.Release|x64.ActiveCfg = Release|Any CPU
		{861B2AC8-4BAA-4EFE-A857-941424D89C65}.Release|x64.Build.0 = Release|Any CPU
		{861B2AC8-4BAA-4EFE-A857-941424D89C65}.Release|x86.ActiveCfg = Release|Any CPU
		{861B2AC8-4BAA-4EFE-A857-941424D89C65}.Release|x86.Build.0 = Release|Any CPU
		{65EF7108-8D88-4654-990E-9E66F903BF85}.Debug|Any CPU.ActiveCfg = Debug|Any CPU
		{65EF7108-8D88-4654-990E-9E66F903BF85}.Debug|Any CPU.Build.0 = Debug|Any CPU
		{65EF7108-8D88-4654-990E-9E66F903BF85}.Debug|x64.ActiveCfg = Debug|Any CPU
		{65EF7108-8D88-4654-990E-9E66F903BF85}.Debug|x64.Build.0 = Debug|Any CPU
		{65EF7108-8D88-4654-990E-9E66F903BF85}.Debug|x86.ActiveCfg = Debug|Any CPU
		{65EF7108-8D88-4654-990E-9E66F903BF85}.Debug|x86.Build.0 = Debug|Any CPU
		{65EF7108-8D88-4654-990E-9E66F903BF85}.Release|Any CPU.ActiveCfg = Release|Any CPU
		{65EF7108-8D88-4654-990E-9E66F903BF85}.Release|Any CPU.Build.0 = Release|Any CPU
		{65EF7108-8D88-4654-990E-9E66F903BF85}.Release|x64.ActiveCfg = Release|Any CPU
		{65EF7108-8D88-4654-990E-9E66F903BF85}.Release|x64.Build.0 = Release|Any CPU
		{65EF7108-8D88-4654-990E-9E66F903BF85}.Release|x86.ActiveCfg = Release|Any CPU
		{65EF7108-8D88-4654-990E-9E66F903BF85}.Release|x86.Build.0 = Release|Any CPU
		{B561D0EB-B746-49C2-96C0-C9DDBA1166D1}.Debug|Any CPU.ActiveCfg = Debug|Any CPU
		{B561D0EB-B746-49C2-96C0-C9DDBA1166D1}.Debug|Any CPU.Build.0 = Debug|Any CPU
		{B561D0EB-B746-49C2-96C0-C9DDBA1166D1}.Debug|x64.ActiveCfg = Debug|Any CPU
		{B561D0EB-B746-49C2-96C0-C9DDBA1166D1}.Debug|x64.Build.0 = Debug|Any CPU
		{B561D0EB-B746-49C2-96C0-C9DDBA1166D1}.Debug|x86.ActiveCfg = Debug|Any CPU
		{B561D0EB-B746-49C2-96C0-C9DDBA1166D1}.Debug|x86.Build.0 = Debug|Any CPU
		{B561D0EB-B746-49C2-96C0-C9DDBA1166D1}.Release|Any CPU.ActiveCfg = Release|Any CPU
		{B561D0EB-B746-49C2-96C0-C9DDBA1166D1}.Release|Any CPU.Build.0 = Release|Any CPU
		{B561D0EB-B746-49C2-96C0-C9DDBA1166D1}.Release|x64.ActiveCfg = Release|Any CPU
		{B561D0EB-B746-49C2-96C0-C9DDBA1166D1}.Release|x64.Build.0 = Release|Any CPU
		{B561D0EB-B746-49C2-96C0-C9DDBA1166D1}.Release|x86.ActiveCfg = Release|Any CPU
		{B561D0EB-B746-49C2-96C0-C9DDBA1166D1}.Release|x86.Build.0 = Release|Any CPU
		{0B919422-152B-4AE3-83F5-34DB70858797}.Debug|Any CPU.ActiveCfg = Debug|Any CPU
		{0B919422-152B-4AE3-83F5-34DB70858797}.Debug|Any CPU.Build.0 = Debug|Any CPU
		{0B919422-152B-4AE3-83F5-34DB70858797}.Debug|x64.ActiveCfg = Debug|Any CPU
		{0B919422-152B-4AE3-83F5-34DB70858797}.Debug|x64.Build.0 = Debug|Any CPU
		{0B919422-152B-4AE3-83F5-34DB70858797}.Debug|x86.ActiveCfg = Debug|Any CPU
		{0B919422-152B-4AE3-83F5-34DB70858797}.Debug|x86.Build.0 = Debug|Any CPU
		{0B919422-152B-4AE3-83F5-34DB70858797}.Release|Any CPU.ActiveCfg = Release|Any CPU
		{0B919422-152B-4AE3-83F5-34DB70858797}.Release|Any CPU.Build.0 = Release|Any CPU
		{0B919422-152B-4AE3-83F5-34DB70858797}.Release|x64.ActiveCfg = Release|Any CPU
		{0B919422-152B-4AE3-83F5-34DB70858797}.Release|x64.Build.0 = Release|Any CPU
		{0B919422-152B-4AE3-83F5-34DB70858797}.Release|x86.ActiveCfg = Release|Any CPU
		{0B919422-152B-4AE3-83F5-34DB70858797}.Release|x86.Build.0 = Release|Any CPU
		{6133747D-9013-43F6-B4F5-1615F638E0D3}.Debug|Any CPU.ActiveCfg = Debug|Any CPU
		{6133747D-9013-43F6-B4F5-1615F638E0D3}.Debug|Any CPU.Build.0 = Debug|Any CPU
		{6133747D-9013-43F6-B4F5-1615F638E0D3}.Debug|x64.ActiveCfg = Debug|Any CPU
		{6133747D-9013-43F6-B4F5-1615F638E0D3}.Debug|x64.Build.0 = Debug|Any CPU
		{6133747D-9013-43F6-B4F5-1615F638E0D3}.Debug|x86.ActiveCfg = Debug|Any CPU
		{6133747D-9013-43F6-B4F5-1615F638E0D3}.Debug|x86.Build.0 = Debug|Any CPU
		{6133747D-9013-43F6-B4F5-1615F638E0D3}.Release|Any CPU.ActiveCfg = Release|Any CPU
		{6133747D-9013-43F6-B4F5-1615F638E0D3}.Release|Any CPU.Build.0 = Release|Any CPU
		{6133747D-9013-43F6-B4F5-1615F638E0D3}.Release|x64.ActiveCfg = Release|Any CPU
		{6133747D-9013-43F6-B4F5-1615F638E0D3}.Release|x64.Build.0 = Release|Any CPU
		{6133747D-9013-43F6-B4F5-1615F638E0D3}.Release|x86.ActiveCfg = Release|Any CPU
		{6133747D-9013-43F6-B4F5-1615F638E0D3}.Release|x86.Build.0 = Release|Any CPU
		{0B76041F-4D4C-4108-A2C1-B3F13FA5372B}.Debug|Any CPU.ActiveCfg = Debug|Any CPU
		{0B76041F-4D4C-4108-A2C1-B3F13FA5372B}.Debug|Any CPU.Build.0 = Debug|Any CPU
		{0B76041F-4D4C-4108-A2C1-B3F13FA5372B}.Debug|x64.ActiveCfg = Debug|Any CPU
		{0B76041F-4D4C-4108-A2C1-B3F13FA5372B}.Debug|x64.Build.0 = Debug|Any CPU
		{0B76041F-4D4C-4108-A2C1-B3F13FA5372B}.Debug|x86.ActiveCfg = Debug|Any CPU
		{0B76041F-4D4C-4108-A2C1-B3F13FA5372B}.Debug|x86.Build.0 = Debug|Any CPU
		{0B76041F-4D4C-4108-A2C1-B3F13FA5372B}.Release|Any CPU.ActiveCfg = Release|Any CPU
		{0B76041F-4D4C-4108-A2C1-B3F13FA5372B}.Release|Any CPU.Build.0 = Release|Any CPU
		{0B76041F-4D4C-4108-A2C1-B3F13FA5372B}.Release|x64.ActiveCfg = Release|Any CPU
		{0B76041F-4D4C-4108-A2C1-B3F13FA5372B}.Release|x64.Build.0 = Release|Any CPU
		{0B76041F-4D4C-4108-A2C1-B3F13FA5372B}.Release|x86.ActiveCfg = Release|Any CPU
		{0B76041F-4D4C-4108-A2C1-B3F13FA5372B}.Release|x86.Build.0 = Release|Any CPU
		{35E72A17-0944-4710-9292-9A897EC9BD99}.Debug|Any CPU.ActiveCfg = Debug|Any CPU
		{35E72A17-0944-4710-9292-9A897EC9BD99}.Debug|Any CPU.Build.0 = Debug|Any CPU
		{35E72A17-0944-4710-9292-9A897EC9BD99}.Debug|x64.ActiveCfg = Debug|Any CPU
		{35E72A17-0944-4710-9292-9A897EC9BD99}.Debug|x64.Build.0 = Debug|Any CPU
		{35E72A17-0944-4710-9292-9A897EC9BD99}.Debug|x86.ActiveCfg = Debug|Any CPU
		{35E72A17-0944-4710-9292-9A897EC9BD99}.Debug|x86.Build.0 = Debug|Any CPU
		{35E72A17-0944-4710-9292-9A897EC9BD99}.Release|Any CPU.ActiveCfg = Release|Any CPU
		{35E72A17-0944-4710-9292-9A897EC9BD99}.Release|Any CPU.Build.0 = Release|Any CPU
		{35E72A17-0944-4710-9292-9A897EC9BD99}.Release|x64.ActiveCfg = Release|Any CPU
		{35E72A17-0944-4710-9292-9A897EC9BD99}.Release|x64.Build.0 = Release|Any CPU
		{35E72A17-0944-4710-9292-9A897EC9BD99}.Release|x86.ActiveCfg = Release|Any CPU
		{35E72A17-0944-4710-9292-9A897EC9BD99}.Release|x86.Build.0 = Release|Any CPU
		{68DC0AFC-F98F-4C93-AB9B-D4D3C9629C89}.Debug|Any CPU.ActiveCfg = Debug|Any CPU
		{68DC0AFC-F98F-4C93-AB9B-D4D3C9629C89}.Debug|Any CPU.Build.0 = Debug|Any CPU
		{68DC0AFC-F98F-4C93-AB9B-D4D3C9629C89}.Debug|x64.ActiveCfg = Debug|Any CPU
		{68DC0AFC-F98F-4C93-AB9B-D4D3C9629C89}.Debug|x64.Build.0 = Debug|Any CPU
		{68DC0AFC-F98F-4C93-AB9B-D4D3C9629C89}.Debug|x86.ActiveCfg = Debug|Any CPU
		{68DC0AFC-F98F-4C93-AB9B-D4D3C9629C89}.Debug|x86.Build.0 = Debug|Any CPU
		{68DC0AFC-F98F-4C93-AB9B-D4D3C9629C89}.Release|Any CPU.ActiveCfg = Release|Any CPU
		{68DC0AFC-F98F-4C93-AB9B-D4D3C9629C89}.Release|Any CPU.Build.0 = Release|Any CPU
		{68DC0AFC-F98F-4C93-AB9B-D4D3C9629C89}.Release|x64.ActiveCfg = Release|Any CPU
		{68DC0AFC-F98F-4C93-AB9B-D4D3C9629C89}.Release|x64.Build.0 = Release|Any CPU
		{68DC0AFC-F98F-4C93-AB9B-D4D3C9629C89}.Release|x86.ActiveCfg = Release|Any CPU
		{68DC0AFC-F98F-4C93-AB9B-D4D3C9629C89}.Release|x86.Build.0 = Release|Any CPU
		{06187163-F243-4C46-A9C6-3023701BAAC1}.Debug|Any CPU.ActiveCfg = Debug|Any CPU
		{06187163-F243-4C46-A9C6-3023701BAAC1}.Debug|Any CPU.Build.0 = Debug|Any CPU
		{06187163-F243-4C46-A9C6-3023701BAAC1}.Debug|x64.ActiveCfg = Debug|Any CPU
		{06187163-F243-4C46-A9C6-3023701BAAC1}.Debug|x64.Build.0 = Debug|Any CPU
		{06187163-F243-4C46-A9C6-3023701BAAC1}.Debug|x86.ActiveCfg = Debug|Any CPU
		{06187163-F243-4C46-A9C6-3023701BAAC1}.Debug|x86.Build.0 = Debug|Any CPU
		{06187163-F243-4C46-A9C6-3023701BAAC1}.Release|Any CPU.ActiveCfg = Release|Any CPU
		{06187163-F243-4C46-A9C6-3023701BAAC1}.Release|Any CPU.Build.0 = Release|Any CPU
		{06187163-F243-4C46-A9C6-3023701BAAC1}.Release|x64.ActiveCfg = Release|Any CPU
		{06187163-F243-4C46-A9C6-3023701BAAC1}.Release|x64.Build.0 = Release|Any CPU
		{06187163-F243-4C46-A9C6-3023701BAAC1}.Release|x86.ActiveCfg = Release|Any CPU
		{06187163-F243-4C46-A9C6-3023701BAAC1}.Release|x86.Build.0 = Release|Any CPU
		{7DCA20BD-D525-476D-904F-CDABFE01D010}.Debug|Any CPU.ActiveCfg = Debug|Any CPU
		{7DCA20BD-D525-476D-904F-CDABFE01D010}.Debug|Any CPU.Build.0 = Debug|Any CPU
		{7DCA20BD-D525-476D-904F-CDABFE01D010}.Debug|x64.ActiveCfg = Debug|Any CPU
		{7DCA20BD-D525-476D-904F-CDABFE01D010}.Debug|x64.Build.0 = Debug|Any CPU
		{7DCA20BD-D525-476D-904F-CDABFE01D010}.Debug|x86.ActiveCfg = Debug|Any CPU
		{7DCA20BD-D525-476D-904F-CDABFE01D010}.Debug|x86.Build.0 = Debug|Any CPU
		{7DCA20BD-D525-476D-904F-CDABFE01D010}.Release|Any CPU.ActiveCfg = Release|Any CPU
		{7DCA20BD-D525-476D-904F-CDABFE01D010}.Release|Any CPU.Build.0 = Release|Any CPU
		{7DCA20BD-D525-476D-904F-CDABFE01D010}.Release|x64.ActiveCfg = Release|Any CPU
		{7DCA20BD-D525-476D-904F-CDABFE01D010}.Release|x64.Build.0 = Release|Any CPU
		{7DCA20BD-D525-476D-904F-CDABFE01D010}.Release|x86.ActiveCfg = Release|Any CPU
		{7DCA20BD-D525-476D-904F-CDABFE01D010}.Release|x86.Build.0 = Release|Any CPU
		{74271A57-6856-40AE-BAD6-2BED30F612B7}.Debug|Any CPU.ActiveCfg = Debug|Any CPU
		{74271A57-6856-40AE-BAD6-2BED30F612B7}.Debug|Any CPU.Build.0 = Debug|Any CPU
		{74271A57-6856-40AE-BAD6-2BED30F612B7}.Debug|x64.ActiveCfg = Debug|Any CPU
		{74271A57-6856-40AE-BAD6-2BED30F612B7}.Debug|x64.Build.0 = Debug|Any CPU
		{74271A57-6856-40AE-BAD6-2BED30F612B7}.Debug|x86.ActiveCfg = Debug|Any CPU
		{74271A57-6856-40AE-BAD6-2BED30F612B7}.Debug|x86.Build.0 = Debug|Any CPU
		{74271A57-6856-40AE-BAD6-2BED30F612B7}.Release|Any CPU.ActiveCfg = Release|Any CPU
		{74271A57-6856-40AE-BAD6-2BED30F612B7}.Release|Any CPU.Build.0 = Release|Any CPU
		{74271A57-6856-40AE-BAD6-2BED30F612B7}.Release|x64.ActiveCfg = Release|Any CPU
		{74271A57-6856-40AE-BAD6-2BED30F612B7}.Release|x64.Build.0 = Release|Any CPU
		{74271A57-6856-40AE-BAD6-2BED30F612B7}.Release|x86.ActiveCfg = Release|Any CPU
		{74271A57-6856-40AE-BAD6-2BED30F612B7}.Release|x86.Build.0 = Release|Any CPU
		{024B1C63-558B-4F69-8362-0EC327E2119B}.Debug|Any CPU.ActiveCfg = Debug|Any CPU
		{024B1C63-558B-4F69-8362-0EC327E2119B}.Debug|Any CPU.Build.0 = Debug|Any CPU
		{024B1C63-558B-4F69-8362-0EC327E2119B}.Debug|x64.ActiveCfg = Debug|Any CPU
		{024B1C63-558B-4F69-8362-0EC327E2119B}.Debug|x64.Build.0 = Debug|Any CPU
		{024B1C63-558B-4F69-8362-0EC327E2119B}.Debug|x86.ActiveCfg = Debug|Any CPU
		{024B1C63-558B-4F69-8362-0EC327E2119B}.Debug|x86.Build.0 = Debug|Any CPU
		{024B1C63-558B-4F69-8362-0EC327E2119B}.Release|Any CPU.ActiveCfg = Release|Any CPU
		{024B1C63-558B-4F69-8362-0EC327E2119B}.Release|Any CPU.Build.0 = Release|Any CPU
		{024B1C63-558B-4F69-8362-0EC327E2119B}.Release|x64.ActiveCfg = Release|Any CPU
		{024B1C63-558B-4F69-8362-0EC327E2119B}.Release|x64.Build.0 = Release|Any CPU
		{024B1C63-558B-4F69-8362-0EC327E2119B}.Release|x86.ActiveCfg = Release|Any CPU
		{024B1C63-558B-4F69-8362-0EC327E2119B}.Release|x86.Build.0 = Release|Any CPU
		{D980EA86-EC73-4EFF-83E7-8E3F5615F1EB}.Debug|Any CPU.ActiveCfg = Debug|Any CPU
		{D980EA86-EC73-4EFF-83E7-8E3F5615F1EB}.Debug|Any CPU.Build.0 = Debug|Any CPU
		{D980EA86-EC73-4EFF-83E7-8E3F5615F1EB}.Debug|x64.ActiveCfg = Debug|Any CPU
		{D980EA86-EC73-4EFF-83E7-8E3F5615F1EB}.Debug|x64.Build.0 = Debug|Any CPU
		{D980EA86-EC73-4EFF-83E7-8E3F5615F1EB}.Debug|x86.ActiveCfg = Debug|Any CPU
		{D980EA86-EC73-4EFF-83E7-8E3F5615F1EB}.Debug|x86.Build.0 = Debug|Any CPU
		{D980EA86-EC73-4EFF-83E7-8E3F5615F1EB}.Release|Any CPU.ActiveCfg = Release|Any CPU
		{D980EA86-EC73-4EFF-83E7-8E3F5615F1EB}.Release|Any CPU.Build.0 = Release|Any CPU
		{D980EA86-EC73-4EFF-83E7-8E3F5615F1EB}.Release|x64.ActiveCfg = Release|Any CPU
		{D980EA86-EC73-4EFF-83E7-8E3F5615F1EB}.Release|x64.Build.0 = Release|Any CPU
		{D980EA86-EC73-4EFF-83E7-8E3F5615F1EB}.Release|x86.ActiveCfg = Release|Any CPU
		{D980EA86-EC73-4EFF-83E7-8E3F5615F1EB}.Release|x86.Build.0 = Release|Any CPU
		{FEAC21B5-A323-4BC7-A404-5CD707DFE3F6}.Debug|Any CPU.ActiveCfg = Debug|Any CPU
		{FEAC21B5-A323-4BC7-A404-5CD707DFE3F6}.Debug|Any CPU.Build.0 = Debug|Any CPU
		{FEAC21B5-A323-4BC7-A404-5CD707DFE3F6}.Debug|x64.ActiveCfg = Debug|Any CPU
		{FEAC21B5-A323-4BC7-A404-5CD707DFE3F6}.Debug|x64.Build.0 = Debug|Any CPU
		{FEAC21B5-A323-4BC7-A404-5CD707DFE3F6}.Debug|x86.ActiveCfg = Debug|Any CPU
		{FEAC21B5-A323-4BC7-A404-5CD707DFE3F6}.Debug|x86.Build.0 = Debug|Any CPU
		{FEAC21B5-A323-4BC7-A404-5CD707DFE3F6}.Release|Any CPU.ActiveCfg = Release|Any CPU
		{FEAC21B5-A323-4BC7-A404-5CD707DFE3F6}.Release|Any CPU.Build.0 = Release|Any CPU
		{FEAC21B5-A323-4BC7-A404-5CD707DFE3F6}.Release|x64.ActiveCfg = Release|Any CPU
		{FEAC21B5-A323-4BC7-A404-5CD707DFE3F6}.Release|x64.Build.0 = Release|Any CPU
		{FEAC21B5-A323-4BC7-A404-5CD707DFE3F6}.Release|x86.ActiveCfg = Release|Any CPU
		{FEAC21B5-A323-4BC7-A404-5CD707DFE3F6}.Release|x86.Build.0 = Release|Any CPU
		{7EDEBB72-5DC1-4ECB-8734-4D95589535DA}.Debug|Any CPU.ActiveCfg = Debug|Any CPU
		{7EDEBB72-5DC1-4ECB-8734-4D95589535DA}.Debug|Any CPU.Build.0 = Debug|Any CPU
		{7EDEBB72-5DC1-4ECB-8734-4D95589535DA}.Debug|x64.ActiveCfg = Debug|Any CPU
		{7EDEBB72-5DC1-4ECB-8734-4D95589535DA}.Debug|x64.Build.0 = Debug|Any CPU
		{7EDEBB72-5DC1-4ECB-8734-4D95589535DA}.Debug|x86.ActiveCfg = Debug|Any CPU
		{7EDEBB72-5DC1-4ECB-8734-4D95589535DA}.Debug|x86.Build.0 = Debug|Any CPU
		{7EDEBB72-5DC1-4ECB-8734-4D95589535DA}.Release|Any CPU.ActiveCfg = Release|Any CPU
		{7EDEBB72-5DC1-4ECB-8734-4D95589535DA}.Release|Any CPU.Build.0 = Release|Any CPU
		{7EDEBB72-5DC1-4ECB-8734-4D95589535DA}.Release|x64.ActiveCfg = Release|Any CPU
		{7EDEBB72-5DC1-4ECB-8734-4D95589535DA}.Release|x64.Build.0 = Release|Any CPU
		{7EDEBB72-5DC1-4ECB-8734-4D95589535DA}.Release|x86.ActiveCfg = Release|Any CPU
		{7EDEBB72-5DC1-4ECB-8734-4D95589535DA}.Release|x86.Build.0 = Release|Any CPU
		{45F9972C-AB18-430A-B1FA-D789B1F86E37}.Debug|Any CPU.ActiveCfg = Debug|Any CPU
		{45F9972C-AB18-430A-B1FA-D789B1F86E37}.Debug|Any CPU.Build.0 = Debug|Any CPU
		{45F9972C-AB18-430A-B1FA-D789B1F86E37}.Debug|x64.ActiveCfg = Debug|Any CPU
		{45F9972C-AB18-430A-B1FA-D789B1F86E37}.Debug|x64.Build.0 = Debug|Any CPU
		{45F9972C-AB18-430A-B1FA-D789B1F86E37}.Debug|x86.ActiveCfg = Debug|Any CPU
		{45F9972C-AB18-430A-B1FA-D789B1F86E37}.Debug|x86.Build.0 = Debug|Any CPU
		{45F9972C-AB18-430A-B1FA-D789B1F86E37}.Release|Any CPU.ActiveCfg = Release|Any CPU
		{45F9972C-AB18-430A-B1FA-D789B1F86E37}.Release|Any CPU.Build.0 = Release|Any CPU
		{45F9972C-AB18-430A-B1FA-D789B1F86E37}.Release|x64.ActiveCfg = Release|Any CPU
		{45F9972C-AB18-430A-B1FA-D789B1F86E37}.Release|x64.Build.0 = Release|Any CPU
		{45F9972C-AB18-430A-B1FA-D789B1F86E37}.Release|x86.ActiveCfg = Release|Any CPU
		{45F9972C-AB18-430A-B1FA-D789B1F86E37}.Release|x86.Build.0 = Release|Any CPU
		{9E1EE6B1-3DB3-42F4-A8D3-A22A2411A9B5}.Debug|Any CPU.ActiveCfg = Debug|Any CPU
		{9E1EE6B1-3DB3-42F4-A8D3-A22A2411A9B5}.Debug|Any CPU.Build.0 = Debug|Any CPU
		{9E1EE6B1-3DB3-42F4-A8D3-A22A2411A9B5}.Debug|x64.ActiveCfg = Debug|Any CPU
		{9E1EE6B1-3DB3-42F4-A8D3-A22A2411A9B5}.Debug|x64.Build.0 = Debug|Any CPU
		{9E1EE6B1-3DB3-42F4-A8D3-A22A2411A9B5}.Debug|x86.ActiveCfg = Debug|Any CPU
		{9E1EE6B1-3DB3-42F4-A8D3-A22A2411A9B5}.Debug|x86.Build.0 = Debug|Any CPU
		{9E1EE6B1-3DB3-42F4-A8D3-A22A2411A9B5}.Release|Any CPU.ActiveCfg = Release|Any CPU
		{9E1EE6B1-3DB3-42F4-A8D3-A22A2411A9B5}.Release|Any CPU.Build.0 = Release|Any CPU
		{9E1EE6B1-3DB3-42F4-A8D3-A22A2411A9B5}.Release|x64.ActiveCfg = Release|Any CPU
		{9E1EE6B1-3DB3-42F4-A8D3-A22A2411A9B5}.Release|x64.Build.0 = Release|Any CPU
		{9E1EE6B1-3DB3-42F4-A8D3-A22A2411A9B5}.Release|x86.ActiveCfg = Release|Any CPU
		{9E1EE6B1-3DB3-42F4-A8D3-A22A2411A9B5}.Release|x86.Build.0 = Release|Any CPU
		{A0950114-8787-4A50-8FC7-F91BE755C167}.Debug|Any CPU.ActiveCfg = Debug|Any CPU
		{A0950114-8787-4A50-8FC7-F91BE755C167}.Debug|Any CPU.Build.0 = Debug|Any CPU
		{A0950114-8787-4A50-8FC7-F91BE755C167}.Debug|x64.ActiveCfg = Debug|Any CPU
		{A0950114-8787-4A50-8FC7-F91BE755C167}.Debug|x64.Build.0 = Debug|Any CPU
		{A0950114-8787-4A50-8FC7-F91BE755C167}.Debug|x86.ActiveCfg = Debug|Any CPU
		{A0950114-8787-4A50-8FC7-F91BE755C167}.Debug|x86.Build.0 = Debug|Any CPU
		{A0950114-8787-4A50-8FC7-F91BE755C167}.Release|Any CPU.ActiveCfg = Release|Any CPU
		{A0950114-8787-4A50-8FC7-F91BE755C167}.Release|Any CPU.Build.0 = Release|Any CPU
		{A0950114-8787-4A50-8FC7-F91BE755C167}.Release|x64.ActiveCfg = Release|Any CPU
		{A0950114-8787-4A50-8FC7-F91BE755C167}.Release|x64.Build.0 = Release|Any CPU
		{A0950114-8787-4A50-8FC7-F91BE755C167}.Release|x86.ActiveCfg = Release|Any CPU
		{A0950114-8787-4A50-8FC7-F91BE755C167}.Release|x86.Build.0 = Release|Any CPU
		{71E0B15F-AAF1-41DE-B967-FC590611BFDA}.Debug|Any CPU.ActiveCfg = Debug|Any CPU
		{71E0B15F-AAF1-41DE-B967-FC590611BFDA}.Debug|Any CPU.Build.0 = Debug|Any CPU
		{71E0B15F-AAF1-41DE-B967-FC590611BFDA}.Debug|x64.ActiveCfg = Debug|Any CPU
		{71E0B15F-AAF1-41DE-B967-FC590611BFDA}.Debug|x64.Build.0 = Debug|Any CPU
		{71E0B15F-AAF1-41DE-B967-FC590611BFDA}.Debug|x86.ActiveCfg = Debug|Any CPU
		{71E0B15F-AAF1-41DE-B967-FC590611BFDA}.Debug|x86.Build.0 = Debug|Any CPU
		{71E0B15F-AAF1-41DE-B967-FC590611BFDA}.Release|Any CPU.ActiveCfg = Release|Any CPU
		{71E0B15F-AAF1-41DE-B967-FC590611BFDA}.Release|Any CPU.Build.0 = Release|Any CPU
		{71E0B15F-AAF1-41DE-B967-FC590611BFDA}.Release|x64.ActiveCfg = Release|Any CPU
		{71E0B15F-AAF1-41DE-B967-FC590611BFDA}.Release|x64.Build.0 = Release|Any CPU
		{71E0B15F-AAF1-41DE-B967-FC590611BFDA}.Release|x86.ActiveCfg = Release|Any CPU
		{71E0B15F-AAF1-41DE-B967-FC590611BFDA}.Release|x86.Build.0 = Release|Any CPU
		{B5F73109-082D-442E-AD7E-60697425AE9A}.Debug|Any CPU.ActiveCfg = Debug|Any CPU
		{B5F73109-082D-442E-AD7E-60697425AE9A}.Debug|Any CPU.Build.0 = Debug|Any CPU
		{B5F73109-082D-442E-AD7E-60697425AE9A}.Debug|x64.ActiveCfg = Debug|Any CPU
		{B5F73109-082D-442E-AD7E-60697425AE9A}.Debug|x64.Build.0 = Debug|Any CPU
		{B5F73109-082D-442E-AD7E-60697425AE9A}.Debug|x86.ActiveCfg = Debug|Any CPU
		{B5F73109-082D-442E-AD7E-60697425AE9A}.Debug|x86.Build.0 = Debug|Any CPU
		{B5F73109-082D-442E-AD7E-60697425AE9A}.Release|Any CPU.ActiveCfg = Release|Any CPU
		{B5F73109-082D-442E-AD7E-60697425AE9A}.Release|Any CPU.Build.0 = Release|Any CPU
		{B5F73109-082D-442E-AD7E-60697425AE9A}.Release|x64.ActiveCfg = Release|Any CPU
		{B5F73109-082D-442E-AD7E-60697425AE9A}.Release|x64.Build.0 = Release|Any CPU
		{B5F73109-082D-442E-AD7E-60697425AE9A}.Release|x86.ActiveCfg = Release|Any CPU
		{B5F73109-082D-442E-AD7E-60697425AE9A}.Release|x86.Build.0 = Release|Any CPU
		{449D7507-9996-4CF8-BD2F-4815899F4700}.Debug|Any CPU.ActiveCfg = Debug|Any CPU
		{449D7507-9996-4CF8-BD2F-4815899F4700}.Debug|Any CPU.Build.0 = Debug|Any CPU
		{449D7507-9996-4CF8-BD2F-4815899F4700}.Debug|x64.ActiveCfg = Debug|Any CPU
		{449D7507-9996-4CF8-BD2F-4815899F4700}.Debug|x64.Build.0 = Debug|Any CPU
		{449D7507-9996-4CF8-BD2F-4815899F4700}.Debug|x86.ActiveCfg = Debug|Any CPU
		{449D7507-9996-4CF8-BD2F-4815899F4700}.Debug|x86.Build.0 = Debug|Any CPU
		{449D7507-9996-4CF8-BD2F-4815899F4700}.Release|Any CPU.ActiveCfg = Release|Any CPU
		{449D7507-9996-4CF8-BD2F-4815899F4700}.Release|Any CPU.Build.0 = Release|Any CPU
		{449D7507-9996-4CF8-BD2F-4815899F4700}.Release|x64.ActiveCfg = Release|Any CPU
		{449D7507-9996-4CF8-BD2F-4815899F4700}.Release|x64.Build.0 = Release|Any CPU
		{449D7507-9996-4CF8-BD2F-4815899F4700}.Release|x86.ActiveCfg = Release|Any CPU
		{449D7507-9996-4CF8-BD2F-4815899F4700}.Release|x86.Build.0 = Release|Any CPU
		{9691587B-968E-48FB-A761-F567ED4F233B}.Debug|Any CPU.ActiveCfg = Debug|Any CPU
		{9691587B-968E-48FB-A761-F567ED4F233B}.Debug|Any CPU.Build.0 = Debug|Any CPU
		{9691587B-968E-48FB-A761-F567ED4F233B}.Debug|x64.ActiveCfg = Debug|Any CPU
		{9691587B-968E-48FB-A761-F567ED4F233B}.Debug|x64.Build.0 = Debug|Any CPU
		{9691587B-968E-48FB-A761-F567ED4F233B}.Debug|x86.ActiveCfg = Debug|Any CPU
		{9691587B-968E-48FB-A761-F567ED4F233B}.Debug|x86.Build.0 = Debug|Any CPU
		{9691587B-968E-48FB-A761-F567ED4F233B}.Release|Any CPU.ActiveCfg = Release|Any CPU
		{9691587B-968E-48FB-A761-F567ED4F233B}.Release|Any CPU.Build.0 = Release|Any CPU
		{9691587B-968E-48FB-A761-F567ED4F233B}.Release|x64.ActiveCfg = Release|Any CPU
		{9691587B-968E-48FB-A761-F567ED4F233B}.Release|x64.Build.0 = Release|Any CPU
		{9691587B-968E-48FB-A761-F567ED4F233B}.Release|x86.ActiveCfg = Release|Any CPU
		{9691587B-968E-48FB-A761-F567ED4F233B}.Release|x86.Build.0 = Release|Any CPU
	EndGlobalSection
	GlobalSection(SolutionProperties) = preSolution
		HideSolutionNode = FALSE
	EndGlobalSection
	GlobalSection(NestedProjects) = preSolution
		{7E53B582-7D71-81AD-731F-2679509FA161} = {3A534CF1-20F2-5A7F-E83C-21D8FC2DBCE8}
		{88FE43CD-3267-63E2-4BFA-4C5BAAEC8B6D} = {3A534CF1-20F2-5A7F-E83C-21D8FC2DBCE8}
		{549A4AA6-6837-79CA-1064-C32B1A927625} = {88FE43CD-3267-63E2-4BFA-4C5BAAEC8B6D}
		{2B0767BD-A90E-408F-BA42-F591BB2E1317} = {549A4AA6-6837-79CA-1064-C32B1A927625}
		{4D4B0A83-78E5-96B7-B594-3DF0DDC8DEAE} = {549A4AA6-6837-79CA-1064-C32B1A927625}
		{0B9D646D-D148-432B-A2E6-A6396CB2B36A} = {4D4B0A83-78E5-96B7-B594-3DF0DDC8DEAE}
		{799CB4C2-29B4-2D65-F89B-9A29C6E108FE} = {4D4B0A83-78E5-96B7-B594-3DF0DDC8DEAE}
		{21F3D286-C585-4CF8-ADCE-C3484975E81E} = {799CB4C2-29B4-2D65-F89B-9A29C6E108FE}
		{4BA9B954-2020-2238-FE6A-78F34340486D} = {88FE43CD-3267-63E2-4BFA-4C5BAAEC8B6D}
		{EF4C8768-4A37-91CD-1212-D4CED27AD66D} = {4BA9B954-2020-2238-FE6A-78F34340486D}
		{7274F81E-C2B2-4401-A267-679236E72622} = {EF4C8768-4A37-91CD-1212-D4CED27AD66D}
		{4A9E8174-5B43-FC29-D9FD-31E429133F43} = {4BA9B954-2020-2238-FE6A-78F34340486D}
		{D75AB304-93B0-4CB6-81E9-443D2FF375BD} = {4A9E8174-5B43-FC29-D9FD-31E429133F43}
		{5DCB3B51-4F32-1F31-02FF-D97540139936} = {3A534CF1-20F2-5A7F-E83C-21D8FC2DBCE8}
		{9A6CF958-AE9F-0F01-DC02-7AB1B30F3361} = {5DCB3B51-4F32-1F31-02FF-D97540139936}
		{DAE8C28A-AB85-4F43-B088-3AD308175C32} = {9A6CF958-AE9F-0F01-DC02-7AB1B30F3361}
		{A1DBBB3C-DCB6-4140-9A0B-A3BA985205FB} = {9A6CF958-AE9F-0F01-DC02-7AB1B30F3361}
		{E61061D8-C48A-47E2-BC4D-0A6EBA1D4228} = {A1DBBB3C-DCB6-4140-9A0B-A3BA985205FB}
		{E490AC1E-5400-FE47-A89B-9F255D8276FC} = {5DCB3B51-4F32-1F31-02FF-D97540139936}
		{ACA6918D-2412-B62A-7AE2-2164B49969DD} = {E490AC1E-5400-FE47-A89B-9F255D8276FC}
		{5C49DAA5-9FCF-4CE8-A6C4-CABB2C82E34E} = {ACA6918D-2412-B62A-7AE2-2164B49969DD}
		{10AB3A76-DA7A-7C16-0D43-9F46358825FA} = {E490AC1E-5400-FE47-A89B-9F255D8276FC}
		{B10E35C4-DCBC-4114-ADF9-3A21402B8C7B} = {10AB3A76-DA7A-7C16-0D43-9F46358825FA}
		{26464095-E660-4F65-57B8-2595AB023ABE} = {3A534CF1-20F2-5A7F-E83C-21D8FC2DBCE8}
		{DDE25E05-F84B-BFAF-918B-A7B5623FAE8A} = {26464095-E660-4F65-57B8-2595AB023ABE}
		{1D27B8AD-B99E-6E68-709B-B9DBAF8E7FEF} = {DDE25E05-F84B-BFAF-918B-A7B5623FAE8A}
		{861B2AC8-4BAA-4EFE-A857-941424D89C65} = {1D27B8AD-B99E-6E68-709B-B9DBAF8E7FEF}
		{1755CFF5-BF26-47AF-72AF-67119FD3E8EA} = {3A534CF1-20F2-5A7F-E83C-21D8FC2DBCE8}
		{B900C690-17A5-08FD-76AB-C333BF109BEA} = {1755CFF5-BF26-47AF-72AF-67119FD3E8EA}
		{65EF7108-8D88-4654-990E-9E66F903BF85} = {B900C690-17A5-08FD-76AB-C333BF109BEA}
		{DC5F71F1-582E-63EF-104B-798D4B88433A} = {1755CFF5-BF26-47AF-72AF-67119FD3E8EA}
		{3B01AD3A-C241-60A8-6BCF-FD8B02EBF1E5} = {DC5F71F1-582E-63EF-104B-798D4B88433A}
		{B561D0EB-B746-49C2-96C0-C9DDBA1166D1} = {3B01AD3A-C241-60A8-6BCF-FD8B02EBF1E5}
		{0B919422-152B-4AE3-83F5-34DB70858797} = {3B01AD3A-C241-60A8-6BCF-FD8B02EBF1E5}
		{6133747D-9013-43F6-B4F5-1615F638E0D3} = {3B01AD3A-C241-60A8-6BCF-FD8B02EBF1E5}
		{5E176B3F-937B-C777-8E15-D9B4CB653952} = {3A534CF1-20F2-5A7F-E83C-21D8FC2DBCE8}
		{F3CD04B2-E273-5EAC-1A2B-C6F0E16B0929} = {5E176B3F-937B-C777-8E15-D9B4CB653952}
		{0B76041F-4D4C-4108-A2C1-B3F13FA5372B} = {F3CD04B2-E273-5EAC-1A2B-C6F0E16B0929}
		{35E72A17-0944-4710-9292-9A897EC9BD99} = {F3CD04B2-E273-5EAC-1A2B-C6F0E16B0929}
		{68DC0AFC-F98F-4C93-AB9B-D4D3C9629C89} = {F3CD04B2-E273-5EAC-1A2B-C6F0E16B0929}
		{2AF7DF47-A42D-CE2C-77CF-144AB8498FD1} = {3A534CF1-20F2-5A7F-E83C-21D8FC2DBCE8}
		{B9C98F7C-E0A8-156B-5734-D5041FF79487} = {2AF7DF47-A42D-CE2C-77CF-144AB8498FD1}
		{06187163-F243-4C46-A9C6-3023701BAAC1} = {B9C98F7C-E0A8-156B-5734-D5041FF79487}
		{A524D87A-726E-DA26-B486-A7DA0B684056} = {B9C98F7C-E0A8-156B-5734-D5041FF79487}
		{7DCA20BD-D525-476D-904F-CDABFE01D010} = {A524D87A-726E-DA26-B486-A7DA0B684056}
		{74271A57-6856-40AE-BAD6-2BED30F612B7} = {B9C98F7C-E0A8-156B-5734-D5041FF79487}
		{024B1C63-558B-4F69-8362-0EC327E2119B} = {B9C98F7C-E0A8-156B-5734-D5041FF79487}
		{0E8DBEF4-C28B-5B51-10A1-93CB1CE26D97} = {2AF7DF47-A42D-CE2C-77CF-144AB8498FD1}
		{D980EA86-EC73-4EFF-83E7-8E3F5615F1EB} = {0E8DBEF4-C28B-5B51-10A1-93CB1CE26D97}
		{FEAC21B5-A323-4BC7-A404-5CD707DFE3F6} = {0E8DBEF4-C28B-5B51-10A1-93CB1CE26D97}
		{266BD926-E257-AFA2-28F9-890C17B4266A} = {3A534CF1-20F2-5A7F-E83C-21D8FC2DBCE8}
		{C8280459-B0DA-9807-B61A-A9BAB821A63B} = {266BD926-E257-AFA2-28F9-890C17B4266A}
		{7EDEBB72-5DC1-4ECB-8734-4D95589535DA} = {C8280459-B0DA-9807-B61A-A9BAB821A63B}
		{45F9972C-AB18-430A-B1FA-D789B1F86E37} = {C8280459-B0DA-9807-B61A-A9BAB821A63B}
		{9E1EE6B1-3DB3-42F4-A8D3-A22A2411A9B5} = {C8280459-B0DA-9807-B61A-A9BAB821A63B}
		{7D5F981A-DD1B-6028-14EF-6BB342ED53A1} = {266BD926-E257-AFA2-28F9-890C17B4266A}
		{A0950114-8787-4A50-8FC7-F91BE755C167} = {7D5F981A-DD1B-6028-14EF-6BB342ED53A1}
		{71E0B15F-AAF1-41DE-B967-FC590611BFDA} = {7D5F981A-DD1B-6028-14EF-6BB342ED53A1}
		{B5F73109-082D-442E-AD7E-60697425AE9A} = {7D5F981A-DD1B-6028-14EF-6BB342ED53A1}
		{47D2FAF0-ABC4-D79D-80CA-B4684EFFF717} = {3A534CF1-20F2-5A7F-E83C-21D8FC2DBCE8}
		{1D10CFE1-C169-E041-2E34-83D63C8A6876} = {47D2FAF0-ABC4-D79D-80CA-B4684EFFF717}
		{449D7507-9996-4CF8-BD2F-4815899F4700} = {1D10CFE1-C169-E041-2E34-83D63C8A6876}
		{9691587B-968E-48FB-A761-F567ED4F233B} = {1D10CFE1-C169-E041-2E34-83D63C8A6876}
	EndGlobalSection
	GlobalSection(ExtensibilityGlobals) = postSolution
		SolutionGuid = {6DD4E2A0-0805-4325-A35D-9D0E72656C6A}
	EndGlobalSection
EndGlobal
