
Microsoft Visual Studio Solution File, Format Version 12.00
# Visual Studio Version 17
VisualStudioVersion = 17.5.2.0
MinimumVisualStudioVersion = 10.0.40219.1
Project("{2150E333-8FDC-42A3-9474-1A3956D46DE8}") = "Corso C#", "Corso C#", "{3A534CF1-20F2-5A7F-E83C-21D8FC2DBCE8}"
EndProject
Project("{FAE04EC0-301F-11D3-BF4B-00C04F79EFBC}") = "DolceGelo", "Corso C#\DolceGelo\DolceGelo.csproj", "{7E53B582-7D71-81AD-731F-2679509FA161}"
EndProject
Project("{2150E333-8FDC-42A3-9474-1A3956D46DE8}") = "Martedi 07", "Martedi 07", "{88FE43CD-3267-63E2-4BFA-4C5BAAEC8B6D}"
EndProject
Project("{2150E333-8FDC-42A3-9474-1A3956D46DE8}") = "Mattina", "Mattina", "{549A4AA6-6837-79CA-1064-C32B1A927625}"
EndProject
Project("{FAE04EC0-301F-11D3-BF4B-00C04F79EFBC}") = "Libro", "Corso C#\Martedi 07\Mattina\Libro\Libro.csproj", "{2B0767BD-A90E-408F-BA42-F591BB2E1317}"
EndProject
Project("{2150E333-8FDC-42A3-9474-1A3956D46DE8}") = "Libro", "Libro", "{4D4B0A83-78E5-96B7-B594-3DF0DDC8DEAE}"
EndProject
Project("{FAE04EC0-301F-11D3-BF4B-00C04F79EFBC}") = "Macchina", "Corso C#\Martedi 07\Mattina\Libro\Macchina\Macchina.csproj", "{0B9D646D-D148-432B-A2E6-A6396CB2B36A}"
EndProject
Project("{2150E333-8FDC-42A3-9474-1A3956D46DE8}") = "Videoteca", "Videoteca", "{799CB4C2-29B4-2D65-F89B-9A29C6E108FE}"
EndProject
Project("{FAE04EC0-301F-11D3-BF4B-00C04F79EFBC}") = "VideoTeca", "Corso C#\Martedi 07\Mattina\Libro\Videoteca\VideoTeca\VideoTeca.csproj", "{21F3D286-C585-4CF8-ADCE-C3484975E81E}"
EndProject
Project("{2150E333-8FDC-42A3-9474-1A3956D46DE8}") = "Pomeriggio", "Pomeriggio", "{4BA9B954-2020-2238-FE6A-78F34340486D}"
EndProject
Project("{2150E333-8FDC-42A3-9474-1A3956D46DE8}") = "Esercizio Garage", "Esercizio Garage", "{EF4C8768-4A37-91CD-1212-D4CED27AD66D}"
EndProject
Project("{FAE04EC0-301F-11D3-BF4B-00C04F79EFBC}") = "Garage", "Corso C#\Martedi 07\Pomeriggio\Esercizio Garage\Garage\Garage.csproj", "{7274F81E-C2B2-4401-A267-679236E72622}"
EndProject
Project("{2150E333-8FDC-42A3-9474-1A3956D46DE8}") = "Esercizio Avanzato Corso", "Esercizio Avanzato Corso", "{4A9E8174-5B43-FC29-D9FD-31E429133F43}"
EndProject
Project("{FAE04EC0-301F-11D3-BF4B-00C04F79EFBC}") = "Corso", "Corso C#\Martedi 07\Pomeriggio\Esercizio Avanzato Corso\Corso\Corso.csproj", "{D75AB304-93B0-4CB6-81E9-443D2FF375BD}"
EndProject
Global
	GlobalSection(SolutionConfigurationPlatforms) = preSolution
		Debug|Any CPU = Debug|Any CPU
		Debug|x64 = Debug|x64
		Debug|x86 = Debug|x86
		Release|Any CPU = Release|Any CPU
		Release|x64 = Release|x64
		Release|x86 = Release|x86
	EndGlobalSection
	GlobalSection(ProjectConfigurationPlatforms) = postSolution
		{7E53B582-7D71-81AD-731F-2679509FA161}.Debug|Any CPU.ActiveCfg = Debug|Any CPU
		{7E53B582-7D71-81AD-731F-2679509FA161}.Debug|Any CPU.Build.0 = Debug|Any CPU
		{7E53B582-7D71-81AD-731F-2679509FA161}.Debug|x64.ActiveCfg = Debug|Any CPU
		{7E53B582-7D71-81AD-731F-2679509FA161}.Debug|x64.Build.0 = Debug|Any CPU
		{7E53B582-7D71-81AD-731F-2679509FA161}.Debug|x86.ActiveCfg = Debug|Any CPU
		{7E53B582-7D71-81AD-731F-2679509FA161}.Debug|x86.Build.0 = Debug|Any CPU
		{7E53B582-7D71-81AD-731F-2679509FA161}.Release|Any CPU.ActiveCfg = Release|Any CPU
		{7E53B582-7D71-81AD-731F-2679509FA161}.Release|Any CPU.Build.0 = Release|Any CPU
		{7E53B582-7D71-81AD-731F-2679509FA161}.Release|x64.ActiveCfg = Release|Any CPU
		{7E53B582-7D71-81AD-731F-2679509FA161}.Release|x64.Build.0 = Release|Any CPU
		{7E53B582-7D71-81AD-731F-2679509FA161}.Release|x86.ActiveCfg = Release|Any CPU
		{7E53B582-7D71-81AD-731F-2679509FA161}.Release|x86.Build.0 = Release|Any CPU
		{2B0767BD-A90E-408F-BA42-F591BB2E1317}.Debug|Any CPU.ActiveCfg = Debug|Any CPU
		{2B0767BD-A90E-408F-BA42-F591BB2E1317}.Debug|Any CPU.Build.0 = Debug|Any CPU
		{2B0767BD-A90E-408F-BA42-F591BB2E1317}.Debug|x64.ActiveCfg = Debug|Any CPU
		{2B0767BD-A90E-408F-BA42-F591BB2E1317}.Debug|x64.Build.0 = Debug|Any CPU
		{2B0767BD-A90E-408F-BA42-F591BB2E1317}.Debug|x86.ActiveCfg = Debug|Any CPU
		{2B0767BD-A90E-408F-BA42-F591BB2E1317}.Debug|x86.Build.0 = Debug|Any CPU
		{2B0767BD-A90E-408F-BA42-F591BB2E1317}.Release|Any CPU.ActiveCfg = Release|Any CPU
		{2B0767BD-A90E-408F-BA42-F591BB2E1317}.Release|Any CPU.Build.0 = Release|Any CPU
		{2B0767BD-A90E-408F-BA42-F591BB2E1317}.Release|x64.ActiveCfg = Release|Any CPU
		{2B0767BD-A90E-408F-BA42-F591BB2E1317}.Release|x64.Build.0 = Release|Any CPU
		{2B0767BD-A90E-408F-BA42-F591BB2E1317}.Release|x86.ActiveCfg = Release|Any CPU
		{2B0767BD-A90E-408F-BA42-F591BB2E1317}.Release|x86.Build.0 = Release|Any CPU
		{0B9D646D-D148-432B-A2E6-A6396CB2B36A}.Debug|Any CPU.ActiveCfg = Debug|Any CPU
		{0B9D646D-D148-432B-A2E6-A6396CB2B36A}.Debug|Any CPU.Build.0 = Debug|Any CPU
		{0B9D646D-D148-432B-A2E6-A6396CB2B36A}.Debug|x64.ActiveCfg = Debug|Any CPU
		{0B9D646D-D148-432B-A2E6-A6396CB2B36A}.Debug|x64.Build.0 = Debug|Any CPU
		{0B9D646D-D148-432B-A2E6-A6396CB2B36A}.Debug|x86.ActiveCfg = Debug|Any CPU
		{0B9D646D-D148-432B-A2E6-A6396CB2B36A}.Debug|x86.Build.0 = Debug|Any CPU
		{0B9D646D-D148-432B-A2E6-A6396CB2B36A}.Release|Any CPU.ActiveCfg = Release|Any CPU
		{0B9D646D-D148-432B-A2E6-A6396CB2B36A}.Release|Any CPU.Build.0 = Release|Any CPU
		{0B9D646D-D148-432B-A2E6-A6396CB2B36A}.Release|x64.ActiveCfg = Release|Any CPU
		{0B9D646D-D148-432B-A2E6-A6396CB2B36A}.Release|x64.Build.0 = Release|Any CPU
		{0B9D646D-D148-432B-A2E6-A6396CB2B36A}.Release|x86.ActiveCfg = Release|Any CPU
		{0B9D646D-D148-432B-A2E6-A6396CB2B36A}.Release|x86.Build.0 = Release|Any CPU
		{21F3D286-C585-4CF8-ADCE-C3484975E81E}.Debug|Any CPU.ActiveCfg = Debug|Any CPU
		{21F3D286-C585-4CF8-ADCE-C3484975E81E}.Debug|Any CPU.Build.0 = Debug|Any CPU
		{21F3D286-C585-4CF8-ADCE-C3484975E81E}.Debug|x64.ActiveCfg = Debug|Any CPU
		{21F3D286-C585-4CF8-ADCE-C3484975E81E}.Debug|x64.Build.0 = Debug|Any CPU
		{21F3D286-C585-4CF8-ADCE-C3484975E81E}.Debug|x86.ActiveCfg = Debug|Any CPU
		{21F3D286-C585-4CF8-ADCE-C3484975E81E}.Debug|x86.Build.0 = Debug|Any CPU
		{21F3D286-C585-4CF8-ADCE-C3484975E81E}.Release|Any CPU.ActiveCfg = Release|Any CPU
		{21F3D286-C585-4CF8-ADCE-C3484975E81E}.Release|Any CPU.Build.0 = Release|Any CPU
		{21F3D286-C585-4CF8-ADCE-C3484975E81E}.Release|x64.ActiveCfg = Release|Any CPU
		{21F3D286-C585-4CF8-ADCE-C3484975E81E}.Release|x64.Build.0 = Release|Any CPU
		{21F3D286-C585-4CF8-ADCE-C3484975E81E}.Release|x86.ActiveCfg = Release|Any CPU
		{21F3D286-C585-4CF8-ADCE-C3484975E81E}.Release|x86.Build.0 = Release|Any CPU
		{7274F81E-C2B2-4401-A267-679236E72622}.Debug|Any CPU.ActiveCfg = Debug|Any CPU
		{7274F81E-C2B2-4401-A267-679236E72622}.Debug|Any CPU.Build.0 = Debug|Any CPU
		{7274F81E-C2B2-4401-A267-679236E72622}.Debug|x64.ActiveCfg = Debug|Any CPU
		{7274F81E-C2B2-4401-A267-679236E72622}.Debug|x64.Build.0 = Debug|Any CPU
		{7274F81E-C2B2-4401-A267-679236E72622}.Debug|x86.ActiveCfg = Debug|Any CPU
		{7274F81E-C2B2-4401-A267-679236E72622}.Debug|x86.Build.0 = Debug|Any CPU
		{7274F81E-C2B2-4401-A267-679236E72622}.Release|Any CPU.ActiveCfg = Release|Any CPU
		{7274F81E-C2B2-4401-A267-679236E72622}.Release|Any CPU.Build.0 = Release|Any CPU
		{7274F81E-C2B2-4401-A267-679236E72622}.Release|x64.ActiveCfg = Release|Any CPU
		{7274F81E-C2B2-4401-A267-679236E72622}.Release|x64.Build.0 = Release|Any CPU
		{7274F81E-C2B2-4401-A267-679236E72622}.Release|x86.ActiveCfg = Release|Any CPU
		{7274F81E-C2B2-4401-A267-679236E72622}.Release|x86.Build.0 = Release|Any CPU
		{D75AB304-93B0-4CB6-81E9-443D2FF375BD}.Debug|Any CPU.ActiveCfg = Debug|Any CPU
		{D75AB304-93B0-4CB6-81E9-443D2FF375BD}.Debug|Any CPU.Build.0 = Debug|Any CPU
		{D75AB304-93B0-4CB6-81E9-443D2FF375BD}.Debug|x64.ActiveCfg = Debug|Any CPU
		{D75AB304-93B0-4CB6-81E9-443D2FF375BD}.Debug|x64.Build.0 = Debug|Any CPU
		{D75AB304-93B0-4CB6-81E9-443D2FF375BD}.Debug|x86.ActiveCfg = Debug|Any CPU
		{D75AB304-93B0-4CB6-81E9-443D2FF375BD}.Debug|x86.Build.0 = Debug|Any CPU
		{D75AB304-93B0-4CB6-81E9-443D2FF375BD}.Release|Any CPU.ActiveCfg = Release|Any CPU
		{D75AB304-93B0-4CB6-81E9-443D2FF375BD}.Release|Any CPU.Build.0 = Release|Any CPU
		{D75AB304-93B0-4CB6-81E9-443D2FF375BD}.Release|x64.ActiveCfg = Release|Any CPU
		{D75AB304-93B0-4CB6-81E9-443D2FF375BD}.Release|x64.Build.0 = Release|Any CPU
		{D75AB304-93B0-4CB6-81E9-443D2FF375BD}.Release|x86.ActiveCfg = Release|Any CPU
		{D75AB304-93B0-4CB6-81E9-443D2FF375BD}.Release|x86.Build.0 = Release|Any CPU
	EndGlobalSection
	GlobalSection(SolutionProperties) = preSolution
		HideSolutionNode = FALSE
	EndGlobalSection
	GlobalSection(NestedProjects) = preSolution
		{7E53B582-7D71-81AD-731F-2679509FA161} = {3A534CF1-20F2-5A7F-E83C-21D8FC2DBCE8}
		{88FE43CD-3267-63E2-4BFA-4C5BAAEC8B6D} = {3A534CF1-20F2-5A7F-E83C-21D8FC2DBCE8}
		{549A4AA6-6837-79CA-1064-C32B1A927625} = {88FE43CD-3267-63E2-4BFA-4C5BAAEC8B6D}
		{2B0767BD-A90E-408F-BA42-F591BB2E1317} = {549A4AA6-6837-79CA-1064-C32B1A927625}
		{4D4B0A83-78E5-96B7-B594-3DF0DDC8DEAE} = {549A4AA6-6837-79CA-1064-C32B1A927625}
		{0B9D646D-D148-432B-A2E6-A6396CB2B36A} = {4D4B0A83-78E5-96B7-B594-3DF0DDC8DEAE}
		{799CB4C2-29B4-2D65-F89B-9A29C6E108FE} = {4D4B0A83-78E5-96B7-B594-3DF0DDC8DEAE}
		{21F3D286-C585-4CF8-ADCE-C3484975E81E} = {799CB4C2-29B4-2D65-F89B-9A29C6E108FE}
		{4BA9B954-2020-2238-FE6A-78F34340486D} = {88FE43CD-3267-63E2-4BFA-4C5BAAEC8B6D}
		{EF4C8768-4A37-91CD-1212-D4CED27AD66D} = {4BA9B954-2020-2238-FE6A-78F34340486D}
		{7274F81E-C2B2-4401-A267-679236E72622} = {EF4C8768-4A37-91CD-1212-D4CED27AD66D}
		{4A9E8174-5B43-FC29-D9FD-31E429133F43} = {4BA9B954-2020-2238-FE6A-78F34340486D}
		{D75AB304-93B0-4CB6-81E9-443D2FF375BD} = {4A9E8174-5B43-FC29-D9FD-31E429133F43}
	EndGlobalSection
	GlobalSection(ExtensibilityGlobals) = postSolution
		SolutionGuid = {6DD4E2A0-0805-4325-A35D-9D0E72656C6A}
	EndGlobalSection
EndGlobal
